
Microsoft Visual Studio Solution File, Format Version 12.00
# Visual Studio Version 17
VisualStudioVersion = 17.5.33516.290
MinimumVisualStudioVersion = 10.0.40219.1
Project("{9A19103F-16F7-4668-BE54-9A1E7A4F7556}") = "Frm_VendedorCliente", "Frm_VendedorCliente\Frm_VendedorCliente.csproj", "{92DC012E-FEEE-4F97-B322-6810286C5713}"
EndProject
Project("{9A19103F-16F7-4668-BE54-9A1E7A4F7556}") = "BibliotecaDeClases", "BibliotecaDeClases\BibliotecaDeClases.csproj", "{CCBE0C9F-545B-4EE7-9F5F-D1AE3A435B30}"
EndProject
Project("{9A19103F-16F7-4668-BE54-9A1E7A4F7556}") = "PruebaDB", "PruebaDB\PruebaDB.csproj", "{ADC886FA-622E-4A8D-B503-9F050460E3EF}"
EndProject
Project("{FAE04EC0-301F-11D3-BF4B-00C04F79EFBC}") = "TesthSP", "TesthSP\TesthSP.csproj", "{584D449E-F38E-469C-91E7-9F4944428DA3}"
EndProject
Global
	GlobalSection(SolutionConfigurationPlatforms) = preSolution
		Debug|Any CPU = Debug|Any CPU
		Release|Any CPU = Release|Any CPU
	EndGlobalSection
	GlobalSection(ProjectConfigurationPlatforms) = postSolution
		{92DC012E-FEEE-4F97-B322-6810286C5713}.Debug|Any CPU.ActiveCfg = Debug|Any CPU
		{92DC012E-FEEE-4F97-B322-6810286C5713}.Debug|Any CPU.Build.0 = Debug|Any CPU
		{92DC012E-FEEE-4F97-B322-6810286C5713}.Release|Any CPU.ActiveCfg = Release|Any CPU
		{92DC012E-FEEE-4F97-B322-6810286C5713}.Release|Any CPU.Build.0 = Release|Any CPU
		{CCBE0C9F-545B-4EE7-9F5F-D1AE3A435B30}.Debug|Any CPU.ActiveCfg = Debug|Any CPU
		{CCBE0C9F-545B-4EE7-9F5F-D1AE3A435B30}.Debug|Any CPU.Build.0 = Debug|Any CPU
		{CCBE0C9F-545B-4EE7-9F5F-D1AE3A435B30}.Release|Any CPU.ActiveCfg = Release|Any CPU
		{CCBE0C9F-545B-4EE7-9F5F-D1AE3A435B30}.Release|Any CPU.Build.0 = Release|Any CPU
		{ADC886FA-622E-4A8D-B503-9F050460E3EF}.Debug|Any CPU.ActiveCfg = Debug|Any CPU
		{ADC886FA-622E-4A8D-B503-9F050460E3EF}.Debug|Any CPU.Build.0 = Debug|Any CPU
		{ADC886FA-622E-4A8D-B503-9F050460E3EF}.Release|Any CPU.ActiveCfg = Release|Any CPU
		{ADC886FA-622E-4A8D-B503-9F050460E3EF}.Release|Any CPU.Build.0 = Release|Any CPU
		{584D449E-F38E-469C-91E7-9F4944428DA3}.Debug|Any CPU.ActiveCfg = Debug|Any CPU
		{584D449E-F38E-469C-91E7-9F4944428DA3}.Debug|Any CPU.Build.0 = Debug|Any CPU
		{584D449E-F38E-469C-91E7-9F4944428DA3}.Release|Any CPU.ActiveCfg = Release|Any CPU
		{584D449E-F38E-469C-91E7-9F4944428DA3}.Release|Any CPU.Build.0 = Release|Any CPU
	EndGlobalSection
	GlobalSection(SolutionProperties) = preSolution
		HideSolutionNode = FALSE
	EndGlobalSection
	GlobalSection(ExtensibilityGlobals) = postSolution
		SolutionGuid = {7E9EDC6E-A8B4-4BC4-8142-7507C4560259}
	EndGlobalSection
EndGlobal
